# This file was autogenerated by Stack.
# You should not edit this file by hand.
# For more information, please see the documentation at:
#   https://docs.haskellstack.org/en/stable/lock_files

packages:
- completed:
    hackage: registry-0.6.3.0@sha256:5bb3d7c7f7542447b7887f34a8f9816fe2d1e494d815315741826911cd7a952a,5095
    pantry-tree:
      sha256: a50d51a4f4b140709a6a64344dbaa4e0b4ab0666d476c4b48736ccbb7b70b499
      size: 4070
  original:
    hackage: registry-0.6.3.0
snapshots:
- completed:
    sha256: 08bd13ce621b41a8f5e51456b38d5b46d7783ce114a50ab604d6bbab0d002146
    size: 720271
    url: https://raw.githubusercontent.com/commercialhaskell/stackage-snapshots/master/lts/22/43.yaml
  original: lts-22.43
